
Microsoft Visual Studio Solution File, Format Version 12.00
# Visual Studio Version 17
VisualStudioVersion = 17.8.34525.116
MinimumVisualStudioVersion = 10.0.40219.1
Project("{FAE04EC0-301F-11D3-BF4B-00C04F79EFBC}") = "Shopping Cart", "Shopping Cart\Shopping Cart.csproj", "{C90A929D-4153-4601-9747-EBF605B8E7AD}"
EndProject
Global
	GlobalSection(SolutionConfigurationPlatforms) = preSolution
		Debug|Any CPU = Debug|Any CPU
		Release|Any CPU = Release|Any CPU
	EndGlobalSection
	GlobalSection(ProjectConfigurationPlatforms) = postSolution
		{C90A929D-4153-4601-9747-EBF605B8E7AD}.Debug|Any CPU.ActiveCfg = Debug|Any CPU
		{C90A929D-4153-4601-9747-EBF605B8E7AD}.Debug|Any CPU.Build.0 = Debug|Any CPU
		{C90A929D-4153-4601-9747-EBF605B8E7AD}.Release|Any CPU.ActiveCfg = Release|Any CPU
		{C90A929D-4153-4601-9747-EBF605B8E7AD}.Release|Any CPU.Build.0 = Release|Any CPU
	EndGlobalSection
	GlobalSection(SolutionProperties) = preSolution
		HideSolutionNode = FALSE
	EndGlobalSection
	GlobalSection(ExtensibilityGlobals) = postSolution
		SolutionGuid = {530E4F9B-2E5C-4784-90B0-2E9BDC7E1835}
	EndGlobalSection
EndGlobal
